
Microsoft Visual Studio Solution File, Format Version 12.00
# Visual Studio 2013
VisualStudioVersion = 12.0.21005.1
MinimumVisualStudioVersion = 10.0.40219.1
Project("{FAE04EC0-301F-11D3-BF4B-00C04F79EFBC}") = "WebSocketDemoUI", "WebSocketDemoUI\WebSocketDemoUI.csproj", "{1BFB73AB-2D96-41D6-8222-D4E5096F687B}"
EndProject
Project("{FAE04EC0-301F-11D3-BF4B-00C04F79EFBC}") = "WebSocketDemoService", "WebSocketDemoService\WebSocketDemoService.csproj", "{A0B9CDC2-5CF8-4FDC-B0AB-AA7D20129CDF}"
EndProject
Project("{FAE04EC0-301F-11D3-BF4B-00C04F79EFBC}") = "WebSocketMvcUI", "WebSocketMvcUI\WebSocketMvcUI.csproj", "{8C06C072-A1B4-4110-9421-4BD0D1CAA539}"
EndProject
Global
	GlobalSection(SolutionConfigurationPlatforms) = preSolution
		Debug|Any CPU = Debug|Any CPU
		Release|Any CPU = Release|Any CPU
	EndGlobalSection
	GlobalSection(ProjectConfigurationPlatforms) = postSolution
		{1BFB73AB-2D96-41D6-8222-D4E5096F687B}.Debug|Any CPU.ActiveCfg = Debug|Any CPU
		{1BFB73AB-2D96-41D6-8222-D4E5096F687B}.Debug|Any CPU.Build.0 = Debug|Any CPU
		{1BFB73AB-2D96-41D6-8222-D4E5096F687B}.Release|Any CPU.ActiveCfg = Release|Any CPU
		{1BFB73AB-2D96-41D6-8222-D4E5096F687B}.Release|Any CPU.Build.0 = Release|Any CPU
		{A0B9CDC2-5CF8-4FDC-B0AB-AA7D20129CDF}.Debug|Any CPU.ActiveCfg = Debug|Any CPU
		{A0B9CDC2-5CF8-4FDC-B0AB-AA7D20129CDF}.Debug|Any CPU.Build.0 = Debug|Any CPU
		{A0B9CDC2-5CF8-4FDC-B0AB-AA7D20129CDF}.Release|Any CPU.ActiveCfg = Release|Any CPU
		{A0B9CDC2-5CF8-4FDC-B0AB-AA7D20129CDF}.Release|Any CPU.Build.0 = Release|Any CPU
		{8C06C072-A1B4-4110-9421-4BD0D1CAA539}.Debug|Any CPU.ActiveCfg = Debug|Any CPU
		{8C06C072-A1B4-4110-9421-4BD0D1CAA539}.Debug|Any CPU.Build.0 = Debug|Any CPU
		{8C06C072-A1B4-4110-9421-4BD0D1CAA539}.Release|Any CPU.ActiveCfg = Release|Any CPU
		{8C06C072-A1B4-4110-9421-4BD0D1CAA539}.Release|Any CPU.Build.0 = Release|Any CPU
	EndGlobalSection
	GlobalSection(SolutionProperties) = preSolution
		HideSolutionNode = FALSE
	EndGlobalSection
EndGlobal
